// !$*UTF8*$!
{
	archiveVersion = 1;
	classes = {
	};
	objectVersion = 50;
	objects = {

/* Begin PBXBuildFile section */
		17BCDF7B25759015008EB08D /* AppDelegate.swift in Sources */ = {isa = PBXBuildFile; fileRef = 17BCDF7A25759015008EB08D /* AppDelegate.swift */; };
		17BCDF7D25759015008EB08D /* SceneDelegate.swift in Sources */ = {isa = PBXBuildFile; fileRef = 17BCDF7C25759015008EB08D /* SceneDelegate.swift */; };
		17BCDF7F25759015008EB08D /* ViewController.swift in Sources */ = {isa = PBXBuildFile; fileRef = 17BCDF7E25759015008EB08D /* ViewController.swift */; };
		17BCDF8225759015008EB08D /* Main.storyboard in Resources */ = {isa = PBXBuildFile; fileRef = 17BCDF8025759015008EB08D /* Main.storyboard */; };
		17BCDF8425759016008EB08D /* Assets.xcassets in Resources */ = {isa = PBXBuildFile; fileRef = 17BCDF8325759016008EB08D /* Assets.xcassets */; };
		17BCDF8725759016008EB08D /* LaunchScreen.storyboard in Resources */ = {isa = PBXBuildFile; fileRef = 17BCDF8525759016008EB08D /* LaunchScreen.storyboard */; };
/* End PBXBuildFile section */

/* Begin PBXFileReference section */
		17BCDF7725759015008EB08D /* MotivationalAppUsingSharingAndNotifications.app */ = {isa = PBXFileReference; explicitFileType = wrapper.application; includeInIndex = 0; path = MotivationalAppUsingSharingAndNotifications.app; sourceTree = BUILT_PRODUCTS_DIR; };
		17BCDF7A25759015008EB08D /* AppDelegate.swift */ = {isa = PBXFileReference; lastKnownFileType = sourcecode.swift; path = AppDelegate.swift; sourceTree = "<group>"; };
		17BCDF7C25759015008EB08D /* SceneDelegate.swift */ = {isa = PBXFileReference; lastKnownFileType = sourcecode.swift; path = SceneDelegate.swift; sourceTree = "<group>"; };
		17BCDF7E25759015008EB08D /* ViewController.swift */ = {isa = PBXFileReference; lastKnownFileType = sourcecode.swift; path = ViewController.swift; sourceTree = "<group>"; };
		17BCDF8125759015008EB08D /* Base */ = {isa = PBXFileReference; lastKnownFileType = file.storyboard; name = Base; path = Base.lproj/Main.storyboard; sourceTree = "<group>"; };
		17BCDF8325759016008EB08D /* Assets.xcassets */ = {isa = PBXFileReference; lastKnownFileType = folder.assetcatalog; path = Assets.xcassets; sourceTree = "<group>"; };
		17BCDF8625759016008EB08D /* Base */ = {isa = PBXFileReference; lastKnownFileType = file.storyboard; name = Base; path = Base.lproj/LaunchScreen.storyboard; sourceTree = "<group>"; };
		17BCDF8825759016008EB08D /* Info.plist */ = {isa = PBXFileReference; lastKnownFileType = text.plist.xml; path = Info.plist; sourceTree = "<group>"; };
/* End PBXFileReference section */

/* Begin PBXFrameworksBuildPhase section */
		17BCDF7425759015008EB08D /* Frameworks */ = {
			isa = PBXFrameworksBuildPhase;
			buildActionMask = 2147483647;
			files = (
			);
			runOnlyForDeploymentPostprocessing = 0;
		};
/* End PBXFrameworksBuildPhase section */

/* Begin PBXGroup section */
		17BCDF6E25759015008EB08D = {
			isa = PBXGroup;
			children = (
				17BCDF7925759015008EB08D /* MotivationalAppUsingSharingAndNotifications */,
				17BCDF7825759015008EB08D /* Products */,
			);
			sourceTree = "<group>";
		};
		17BCDF7825759015008EB08D /* Products */ = {
			isa = PBXGroup;
			children = (
				17BCDF7725759015008EB08D /* MotivationalAppUsingSharingAndNotifications.app */,
			);
			name = Products;
			sourceTree = "<group>";
		};
		17BCDF7925759015008EB08D /* MotivationalAppUsingSharingAndNotifications */ = {
			isa = PBXGroup;
			children = (
				17BCDF7A25759015008EB08D /* AppDelegate.swift */,
				17BCDF7C25759015008EB08D /* SceneDelegate.swift */,
				17BCDF7E25759015008EB08D /* ViewController.swift */,
				17BCDF8025759015008EB08D /* Main.storyboard */,
				17BCDF8325759016008EB08D /* Assets.xcassets */,
				17BCDF8525759016008EB08D /* LaunchScreen.storyboard */,
				17BCDF8825759016008EB08D /* Info.plist */,
			);
			path = MotivationalAppUsingSharingAndNotifications;
			sourceTree = "<group>";
		};
/* End PBXGroup section */

/* Begin PBXNativeTarget section */
		17BCDF7625759015008EB08D /* MotivationalAppUsingSharingAndNotifications */ = {
			isa = PBXNativeTarget;
			buildConfigurationList = 17BCDF8B25759016008EB08D /* Build configuration list for PBXNativeTarget "MotivationalAppUsingSharingAndNotifications" */;
			buildPhases = (
				17BCDF7325759015008EB08D /* Sources */,
				17BCDF7425759015008EB08D /* Frameworks */,
				17BCDF7525759015008EB08D /* Resources */,
			);
			buildRules = (
			);
			dependencies = (
			);
			name = MotivationalAppUsingSharingAndNotifications;
			productName = MotivationalAppUsingSharingAndNotifications;
			productReference = 17BCDF7725759015008EB08D /* MotivationalAppUsingSharingAndNotifications.app */;
			productType = "com.apple.product-type.application";
		};
/* End PBXNativeTarget section */

/* Begin PBXProject section */
		17BCDF6F25759015008EB08D /* Project object */ = {
			isa = PBXProject;
			attributes = {
				LastSwiftUpdateCheck = 1220;
				LastUpgradeCheck = 1220;
				TargetAttributes = {
					17BCDF7625759015008EB08D = {
						CreatedOnToolsVersion = 12.2;
					};
				};
			};
			buildConfigurationList = 17BCDF7225759015008EB08D /* Build configuration list for PBXProject "MotivationalAppUsingSharingAndNotifications" */;
			compatibilityVersion = "Xcode 9.3";
			developmentRegion = en;
			hasScannedForEncodings = 0;
			knownRegions = (
				en,
				Base,
			);
			mainGroup = 17BCDF6E25759015008EB08D;
			productRefGroup = 17BCDF7825759015008EB08D /* Products */;
			projectDirPath = "";
			projectRoot = "";
			targets = (
				17BCDF7625759015008EB08D /* MotivationalAppUsingSharingAndNotifications */,
			);
		};
/* End PBXProject section */

/* Begin PBXResourcesBuildPhase section */
		17BCDF7525759015008EB08D /* Resources */ = {
			isa = PBXResourcesBuildPhase;
			buildActionMask = 2147483647;
			files = (
				17BCDF8725759016008EB08D /* LaunchScreen.storyboard in Resources */,
				17BCDF8425759016008EB08D /* Assets.xcassets in Resources */,
				17BCDF8225759015008EB08D /* Main.storyboard in Resources */,
			);
			runOnlyForDeploymentPostprocessing = 0;
		};
/* End PBXResourcesBuildPhase section */

/* Begin PBXSourcesBuildPhase section */
		17BCDF7325759015008EB08D /* Sources */ = {
			isa = PBXSourcesBuildPhase;
			buildActionMask = 2147483647;
			files = (
				17BCDF7F25759015008EB08D /* ViewController.swift in Sources */,
				17BCDF7B25759015008EB08D /* AppDelegate.swift in Sources */,
				17BCDF7D25759015008EB08D /* SceneDelegate.swift in Sources */,
			);
			runOnlyForDeploymentPostprocessing = 0;
		};
/* End PBXSourcesBuildPhase section */

/* Begin PBXVariantGroup section */
		17BCDF8025759015008EB08D /* Main.storyboard */ = {
			isa = PBXVariantGroup;
			children = (
				17BCDF8125759015008EB08D /* Base */,
			);
			name = Main.storyboard;
			sourceTree = "<group>";
		};
		17BCDF8525759016008EB08D /* LaunchScreen.storyboard */ = {
			isa = PBXVariantGroup;
			children = (
				17BCDF8625759016008EB08D /* Base */,
			);
			name = LaunchScreen.storyboard;
			sourceTree = "<group>";
		};
/* End PBXVariantGroup section */

/* Begin XCBuildConfiguration section */
		17BCDF8925759016008EB08D /* Debug */ = {
			isa = XCBuildConfiguration;
			buildSettings = {
				ALWAYS_SEARCH_USER_PATHS = NO;
				CLANG_ANALYZER_NONNULL = YES;
				CLANG_ANALYZER_NUMBER_OBJECT_CONVERSION = YES_AGGRESSIVE;
				CLANG_CXX_LANGUAGE_STANDARD = "gnu++14";
				CLANG_CXX_LIBRARY = "libc++";
				CLANG_ENABLE_MODULES = YES;
				CLANG_ENABLE_OBJC_ARC = YES;
				CLANG_ENABLE_OBJC_WEAK = YES;
				CLANG_WARN_BLOCK_CAPTURE_AUTORELEASING = YES;
				CLANG_WARN_BOOL_CONVERSION = YES;
				CLANG_WARN_COMMA = YES;
				CLANG_WARN_CONSTANT_CONVERSION = YES;
				CLANG_WARN_DEPRECATED_OBJC_IMPLEMENTATIONS = YES;
				CLANG_WARN_DIRECT_OBJC_ISA_USAGE = YES_ERROR;
				CLANG_WARN_DOCUMENTATION_COMMENTS = YES;
				CLANG_WARN_EMPTY_BODY = YES;
				CLANG_WARN_ENUM_CONVERSION = YES;
				CLANG_WARN_INFINITE_RECURSION = YES;
				CLANG_WARN_INT_CONVERSION = YES;
				CLANG_WARN_NON_LITERAL_NULL_CONVERSION = YES;
				CLANG_WARN_OBJC_IMPLICIT_RETAIN_SELF = YES;
				CLANG_WARN_OBJC_LITERAL_CONVERSION = YES;
				CLANG_WARN_OBJC_ROOT_CLASS = YES_ERROR;
				CLANG_WARN_QUOTED_INCLUDE_IN_FRAMEWORK_HEADER = YES;
				CLANG_WARN_RANGE_LOOP_ANALYSIS = YES;
				CLANG_WARN_STRICT_PROTOTYPES = YES;
				CLANG_WARN_SUSPICIOUS_MOVE = YES;
				CLANG_WARN_UNGUARDED_AVAILABILITY = YES_AGGRESSIVE;
				CLANG_WARN_UNREACHABLE_CODE = YES;
				CLANG_WARN__DUPLICATE_METHOD_MATCH = YES;
				COPY_PHASE_STRIP = NO;
				DEBUG_INFORMATION_FORMAT = dwarf;
				ENABLE_STRICT_OBJC_MSGSEND = YES;
				ENABLE_TESTABILITY = YES;
				GCC_C_LANGUAGE_STANDARD = gnu11;
				GCC_DYNAMIC_NO_PIC = NO;
				GCC_NO_COMMON_BLOCKS = YES;
				GCC_OPTIMIZATION_LEVEL = 0;
				GCC_PREPROCESSOR_DEFINITIONS = (
					"DEBUG=1",
					"$(inherited)",
				);
				GCC_WARN_64_TO_32_BIT_CONVERSION = YES;
				GCC_WARN_ABOUT_RETURN_TYPE = YES_ERROR;
				GCC_WARN_UNDECLARED_SELECTOR = YES;
				GCC_WARN_UNINITIALIZED_AUTOS = YES_AGGRESSIVE;
				GCC_WARN_UNUSED_FUNCTION = YES;
				GCC_WARN_UNUSED_VARIABLE = YES;
				IPHONEOS_DEPLOYMENT_TARGET = 14.2;
				MTL_ENABLE_DEBUG_INFO = INCLUDE_SOURCE;
				MTL_FAST_MATH = YES;
				ONLY_ACTIVE_ARCH = YES;
				SDKROOT = iphoneos;
				SWIFT_ACTIVE_COMPILATION_CONDITIONS = DEBUG;
				SWIFT_OPTIMIZATION_LEVEL = "-Onone";
			};
			name = Debug;
		};
		17BCDF8A25759016008EB08D /* Release */ = {
			isa = XCBuildConfiguration;
			buildSettings = {
				ALWAYS_SEARCH_USER_PATHS = NO;
				CLANG_ANALYZER_NONNULL = YES;
				CLANG_ANALYZER_NUMBER_OBJECT_CONVERSION = YES_AGGRESSIVE;
				CLANG_CXX_LANGUAGE_STANDARD = "gnu++14";
				CLANG_CXX_LIBRARY = "libc++";
				CLANG_ENABLE_MODULES = YES;
				CLANG_ENABLE_OBJC_ARC = YES;
				CLANG_ENABLE_OBJC_WEAK = YES;
				CLANG_WARN_BLOCK_CAPTURE_AUTORELEASING = YES;
				CLANG_WARN_BOOL_CONVERSION = YES;
				CLANG_WARN_COMMA = YES;
				CLANG_WARN_CONSTANT_CONVERSION = YES;
				CLANG_WARN_DEPRECATED_OBJC_IMPLEMENTATIONS = YES;
				CLANG_WARN_DIRECT_OBJC_ISA_USAGE = YES_ERROR;
				CLANG_WARN_DOCUMENTATION_COMMENTS = YES;
				CLANG_WARN_EMPTY_BODY = YES;
				CLANG_WARN_ENUM_CONVERSION = YES;
				CLANG_WARN_INFINITE_RECURSION = YES;
				CLANG_WARN_INT_CONVERSION = YES;
				CLANG_WARN_NON_LITERAL_NULL_CONVERSION = YES;
				CLANG_WARN_OBJC_IMPLICIT_RETAIN_SELF = YES;
				CLANG_WARN_OBJC_LITERAL_CONVERSION = YES;
				CLANG_WARN_OBJC_ROOT_CLASS = YES_ERROR;
				CLANG_WARN_QUOTED_INCLUDE_IN_FRAMEWORK_HEADER = YES;
				CLANG_WARN_RANGE_LOOP_ANALYSIS = YES;
				CLANG_WARN_STRICT_PROTOTYPES = YES;
				CLANG_WARN_SUSPICIOUS_MOVE = YES;
				CLANG_WARN_UNGUARDED_AVAILABILITY = YES_AGGRESSIVE;
				CLANG_WARN_UNREACHABLE_CODE = YES;
				CLANG_WARN__DUPLICATE_METHOD_MATCH = YES;
				COPY_PHASE_STRIP = NO;
				DEBUG_INFORMATION_FORMAT = "dwarf-with-dsym";
				ENABLE_NS_ASSERTIONS = NO;
				ENABLE_STRICT_OBJC_MSGSEND = YES;
				GCC_C_LANGUAGE_STANDARD = gnu11;
				GCC_NO_COMMON_BLOCKS = YES;
				GCC_WARN_64_TO_32_BIT_CONVERSION = YES;
				GCC_WARN_ABOUT_RETURN_TYPE = YES_ERROR;
				GCC_WARN_UNDECLARED_SELECTOR = YES;
				GCC_WARN_UNINITIALIZED_AUTOS = YES_AGGRESSIVE;
				GCC_WARN_UNUSED_FUNCTION = YES;
				GCC_WARN_UNUSED_VARIABLE = YES;
				IPHONEOS_DEPLOYMENT_TARGET = 14.2;
				MTL_ENABLE_DEBUG_INFO = NO;
				MTL_FAST_MATH = YES;
				SDKROOT = iphoneos;
				SWIFT_COMPILATION_MODE = wholemodule;
				SWIFT_OPTIMIZATION_LEVEL = "-O";
				VALIDATE_PRODUCT = YES;
			};
			name = Release;
		};
		17BCDF8C25759016008EB08D /* Debug */ = {
			isa = XCBuildConfiguration;
			buildSettings = {
				ASSETCATALOG_COMPILER_APPICON_NAME = AppIcon;
				ASSETCATALOG_COMPILER_GLOBAL_ACCENT_COLOR_NAME = AccentColor;
				CODE_SIGN_STYLE = Automatic;
				DEVELOPMENT_TEAM = 7X48R5E6LJ;
				INFOPLIST_FILE = MotivationalAppUsingSharingAndNotifications/Info.plist;
				LD_RUNPATH_SEARCH_PATHS = (
					"$(inherited)",
					"@executable_path/Frameworks",
				);
				PRODUCT_BUNDLE_IDENTIFIER = NAPPS.MotivationalAppUsingSharingAndNotifications;
				PRODUCT_NAME = "$(TARGET_NAME)";
				SWIFT_VERSION = 5.0;
				TARGETED_DEVICE_FAMILY = "1,2";
			};
			name = Debug;
		};
		17BCDF8D25759016008EB08D /* Release */ = {
			isa = XCBuildConfiguration;
			buildSettings = {
				ASSETCATALOG_COMPILER_APPICON_NAME = AppIcon;
				ASSETCATALOG_COMPILER_GLOBAL_ACCENT_COLOR_NAME = AccentColor;
				CODE_SIGN_STYLE = Automatic;
				DEVELOPMENT_TEAM = 7X48R5E6LJ;
				INFOPLIST_FILE = MotivationalAppUsingSharingAndNotifications/Info.plist;
				LD_RUNPATH_SEARCH_PATHS = (
					"$(inherited)",
					"@executable_path/Frameworks",
				);
				PRODUCT_BUNDLE_IDENTIFIER = NAPPS.MotivationalAppUsingSharingAndNotifications;
				PRODUCT_NAME = "$(TARGET_NAME)";
				SWIFT_VERSION = 5.0;
				TARGETED_DEVICE_FAMILY = "1,2";
			};
			name = Release;
		};
/* End XCBuildConfiguration section */

/* Begin XCConfigurationList section */
		17BCDF7225759015008EB08D /* Build configuration list for PBXProject "MotivationalAppUsingSharingAndNotifications" */ = {
			isa = XCConfigurationList;
			buildConfigurations = (
				17BCDF8925759016008EB08D /* Debug */,
				17BCDF8A25759016008EB08D /* Release */,
			);
			defaultConfigurationIsVisible = 0;
			defaultConfigurationName = Release;
		};
		17BCDF8B25759016008EB08D /* Build configuration list for PBXNativeTarget "MotivationalAppUsingSharingAndNotifications" */ = {
			isa = XCConfigurationList;
			buildConfigurations = (
				17BCDF8C25759016008EB08D /* Debug */,
				17BCDF8D25759016008EB08D /* Release */,
			);
			defaultConfigurationIsVisible = 0;
			defaultConfigurationName = Release;
		};
/* End XCConfigurationList section */
	};
	rootObject = 17BCDF6F25759015008EB08D /* Project object */;
}
